
Microsoft Visual Studio Solution File, Format Version 12.00
# Visual Studio Version 17
VisualStudioVersion = 17.9.34701.34
MinimumVisualStudioVersion = 10.0.40219.1
Project("{FAE04EC0-301F-11D3-BF4B-00C04F79EFBC}") = "MyPortfolio", "MyPortfolio\MyPortfolio.csproj", "{5409F4EA-D3C8-4476-BDDC-2A374AAEA27C}"
EndProject
Global
	GlobalSection(SolutionConfigurationPlatforms) = preSolution
		Debug|Any CPU = Debug|Any CPU
		Release|Any CPU = Release|Any CPU
	EndGlobalSection
	GlobalSection(ProjectConfigurationPlatforms) = postSolution
		{5409F4EA-D3C8-4476-BDDC-2A374AAEA27C}.Debug|Any CPU.ActiveCfg = Debug|Any CPU
		{5409F4EA-D3C8-4476-BDDC-2A374AAEA27C}.Debug|Any CPU.Build.0 = Debug|Any CPU
		{5409F4EA-D3C8-4476-BDDC-2A374AAEA27C}.Release|Any CPU.ActiveCfg = Release|Any CPU
		{5409F4EA-D3C8-4476-BDDC-2A374AAEA27C}.Release|Any CPU.Build.0 = Release|Any CPU
	EndGlobalSection
	GlobalSection(SolutionProperties) = preSolution
		HideSolutionNode = FALSE
	EndGlobalSection
	GlobalSection(ExtensibilityGlobals) = postSolution
		SolutionGuid = {3D29E12F-4167-4563-ABDD-6C8DA75DA6E3}
	EndGlobalSection
EndGlobal
